
Microsoft Visual Studio Solution File, Format Version 12.00
# Visual Studio Version 17
VisualStudioVersion = 17.11.35222.181
MinimumVisualStudioVersion = 10.0.40219.1
Project("{FAE04EC0-301F-11D3-BF4B-00C04F79EFBC}") = "YChatApi", "YChatApi\YChatApi.csproj", "{2B584F64-8FC5-4AFE-99BE-B4989E6A5601}"
EndProject
Global
	GlobalSection(SolutionConfigurationPlatforms) = preSolution
		Debug|Any CPU = Debug|Any CPU
		Release|Any CPU = Release|Any CPU
	EndGlobalSection
	GlobalSection(ProjectConfigurationPlatforms) = postSolution
		{2B584F64-8FC5-4AFE-99BE-B4989E6A5601}.Debug|Any CPU.ActiveCfg = Debug|Any CPU
		{2B584F64-8FC5-4AFE-99BE-B4989E6A5601}.Debug|Any CPU.Build.0 = Debug|Any CPU
		{2B584F64-8FC5-4AFE-99BE-B4989E6A5601}.Release|Any CPU.ActiveCfg = Release|Any CPU
		{2B584F64-8FC5-4AFE-99BE-B4989E6A5601}.Release|Any CPU.Build.0 = Release|Any CPU
	EndGlobalSection
	GlobalSection(SolutionProperties) = preSolution
		HideSolutionNode = FALSE
	EndGlobalSection
	GlobalSection(ExtensibilityGlobals) = postSolution
		SolutionGuid = {0216F1E6-FA74-4084-8B45-D75DBAC6C909}
	EndGlobalSection
EndGlobal
